
Microsoft Visual Studio Solution File, Format Version 12.00
# Visual Studio 15
VisualStudioVersion = 15.0.28307.271
MinimumVisualStudioVersion = 10.0.40219.1
Project("{FAE04EC0-301F-11D3-BF4B-00C04F79EFBC}") = "ConsoleApp1", "ConsoleApp1\ConsoleApp1.csproj", "{BFD449B8-5C46-448B-9477-5351FB4DEB67}"
EndProject
Global
	GlobalSection(SolutionConfigurationPlatforms) = preSolution
		Debug|Any CPU = Debug|Any CPU
		Release|Any CPU = Release|Any CPU
	EndGlobalSection
	GlobalSection(ProjectConfigurationPlatforms) = postSolution
		{BFD449B8-5C46-448B-9477-5351FB4DEB67}.Debug|Any CPU.ActiveCfg = Debug|Any CPU
		{BFD449B8-5C46-448B-9477-5351FB4DEB67}.Debug|Any CPU.Build.0 = Debug|Any CPU
		{BFD449B8-5C46-448B-9477-5351FB4DEB67}.Release|Any CPU.ActiveCfg = Release|Any CPU
		{BFD449B8-5C46-448B-9477-5351FB4DEB67}.Release|Any CPU.Build.0 = Release|Any CPU
	EndGlobalSection
	GlobalSection(SolutionProperties) = preSolution
		HideSolutionNode = FALSE
	EndGlobalSection
	GlobalSection(ExtensibilityGlobals) = postSolution
		SolutionGuid = {7D7461D8-7AFE-4E6B-8D1B-E2DF9139CCF3}
	EndGlobalSection
EndGlobal
